
Microsoft Visual Studio Solution File, Format Version 12.00
# Visual Studio Version 16
VisualStudioVersion = 16.0.30503.244
MinimumVisualStudioVersion = 10.0.40219.1
Project("{9A19103F-16F7-4668-BE54-9A1E7A4F7556}") = "RandomStuffGeneratorPrivate", "RandomStuffGeneratorPrivate\RandomStuffGeneratorPrivate.csproj", "{74643706-1C11-4A70-9805-2CD69FB706D9}"
EndProject
Project("{FAE04EC0-301F-11D3-BF4B-00C04F79EFBC}") = "XUnitTesting", "XUnitTesting\XUnitTesting.csproj", "{47FCBD9A-5763-4B4E-B3D6-8E8AC97BB70F}"
EndProject
Global
	GlobalSection(SolutionConfigurationPlatforms) = preSolution
		Debug|Any CPU = Debug|Any CPU
		Release|Any CPU = Release|Any CPU
	EndGlobalSection
	GlobalSection(ProjectConfigurationPlatforms) = postSolution
		{74643706-1C11-4A70-9805-2CD69FB706D9}.Debug|Any CPU.ActiveCfg = Debug|Any CPU
		{74643706-1C11-4A70-9805-2CD69FB706D9}.Debug|Any CPU.Build.0 = Debug|Any CPU
		{74643706-1C11-4A70-9805-2CD69FB706D9}.Release|Any CPU.ActiveCfg = Release|Any CPU
		{74643706-1C11-4A70-9805-2CD69FB706D9}.Release|Any CPU.Build.0 = Release|Any CPU
		{47FCBD9A-5763-4B4E-B3D6-8E8AC97BB70F}.Debug|Any CPU.ActiveCfg = Debug|Any CPU
		{47FCBD9A-5763-4B4E-B3D6-8E8AC97BB70F}.Debug|Any CPU.Build.0 = Debug|Any CPU
		{47FCBD9A-5763-4B4E-B3D6-8E8AC97BB70F}.Release|Any CPU.ActiveCfg = Release|Any CPU
		{47FCBD9A-5763-4B4E-B3D6-8E8AC97BB70F}.Release|Any CPU.Build.0 = Release|Any CPU
	EndGlobalSection
	GlobalSection(SolutionProperties) = preSolution
		HideSolutionNode = FALSE
	EndGlobalSection
	GlobalSection(ExtensibilityGlobals) = postSolution
		SolutionGuid = {812EAD05-8B78-4816-84B2-1B6F99CC3ADF}
	EndGlobalSection
EndGlobal
